github.com/gorilla/mux v1.7.1 h1:Dw4jY2nghMMRsh1ol8dv1axHkDwMQK2DHerMNJsIpJU=
github.com/gorilla/mux v1.7.1/go.mod h1:1lud6UwP+6orDFRuTfBEV8e9/aOM/c4fVVCaMa2zaAs=
github.com/knieriem/g v0.1.0/go.mod h1:Cxrkopw+HrVRIxTQzwKvLf0zImHa1q6L0RUElAh3a9k=
github.com/knieriem/g v0.1.2/go.mod h1:zYg1CmnYJBZ34OwOIRIqoBsvVxbGRjgE4kLQrHz7DBg=
github.com/knieriem/text v0.1.1 h1:soHAOGl9ImS4GnGyXz1ysOflZgRo5mDmqM5av9RxY5Y=
github.com/knieriem/text v0.1.1/go.mod h1:4h57Q3GvItfA7H/EW3wd9i83WEF7CcS0RUesQKw/vu0=
github.com/knieriem/text v0.6.0 h1:1YI8tcCBV8g8udYN1n17kx8fPPxNEFRhI2GUjIvG8Lc=
github.com/knieriem/text v0.6.0/go.mod h1:nFN1r4dWMNr3tq/iqPWvNubGBcVSV41vH7D5lF0FzUs=
github.com/knieriem/tool v0.1.0 h1:FrvyuiVUwmvjbAX3p/IuTMEv+G/tuk4BeduA+dJwMp8=
github.com/knieriem/tool v0.1.0/go.mod h1:FoYPs/m4GaKyJebNuBoAKu/sBrQNJnkRoc1t6ZSCCX0=
github.com/knieriem/vfsutil v0.1.0 h1:Q0hspgAucMtB2yas+WgNLv7sRJlMGo5OD2704ienrik=
github.com/knieriem/vfsutil v0.1.0/go.mod h1:vDmi2mPOtfrWx5UDrPmaErqvaMyTdBnfvPqqIxjP9ik=
github.com/knieriem/vfsutil v0.2.0 h1:zG9QSBmY3NIas2bdr5QrltaG7OHP1P5cnsUoN9DnZAI=
github.com/knieriem/vfsutil v0.2.0/go.mod h1:Qjc1UuM923HYETrt+FcEyYZU72+xiR3Ilu37BfzSTFs=
github.com/lionkov/go9p v0.0.0-20180620135904-0a603dd6808a/go.mod h1:Nbrxd4FljESFB/bUvzT5xm1VNO2VfzMKSIv4L++4J4U=
golang.org/x/sys v0.0.0-20180824143301-4910a1d54f87/go.mod h1:STP8DvDyc/dI5b8T5hshtkjS+E42TnysNCUPdjciGhY=
golang.org/x/tools v0.0.0-20180727195141-8cc4e8a6f484 h1:K5tPlZVLPrti1CRTu9xZbRBiTMYDOaFSncalbl0GN7Q=
golang.org/x/tools v0.0.0-20180727195141-8cc4e8a6f484/go.mod h1:n7NCudcB/nEzxVGmLbDWY5pfWTLqBcC2KZ6jyYvM4mQ=
golang.org/x/tools v0.0.0-20180824175216-6c1c5e93cdc1 h1:EAPsk8kfGCjxQagrkWjzXlUWe2p3gj5MknO+z2o9GKc=
golang.org/x/tools v0.0.0-20180824175216-6c1c5e93cdc1/go.mod h1:n7NCudcB/nEzxVGmLbDWY5pfWTLqBcC2KZ6jyYvM4mQ=
