github.com/gorilla/context v1.1.1/go.mod h1:kBGZzfjB9CEq2AlWe17Uuf7NDRt0dE0s8S51q0aT7Yg=
github.com/gorilla/mux v1.6.3-0.20180807075256-e48e440e4c92/go.mod h1:1lud6UwP+6orDFRuTfBEV8e9/aOM/c4fVVCaMa2zaAs=
github.com/gorilla/mux v1.6.3-0.20181024020800-521ea7b17d02 h1:FdZxmbd+NWeGz9t8ECVQCy7VE/mMG9O5CXfMaDG7O0w=
github.com/gorilla/mux v1.6.3-0.20181024020800-521ea7b17d02/go.mod h1:1lud6UwP+6orDFRuTfBEV8e9/aOM/c4fVVCaMa2zaAs=
github.com/knieriem/g v0.1.0/go.mod h1:Cxrkopw+HrVRIxTQzwKvLf0zImHa1q6L0RUElAh3a9k=
github.com/knieriem/g v0.1.2/go.mod h1:zYg1CmnYJBZ34OwOIRIqoBsvVxbGRjgE4kLQrHz7DBg=
github.com/knieriem/text v0.1.1/go.mod h1:4h57Q3GvItfA7H/EW3wd9i83WEF7CcS0RUesQKw/vu0=
github.com/knieriem/text v0.1.2/go.mod h1:/DYfAw5ssbZ8kdTgWT78cLygjR0NmR2OwRER++zTEBk=
github.com/knieriem/text v0.2.1-0.20181010113737-21fd8b35e2f6 h1:LH94YlSD8Z7cnuBHxg8J0t8XAIo5i33DH6Iqm39dI4w=
github.com/knieriem/text v0.2.1-0.20181010113737-21fd8b35e2f6/go.mod h1:/DYfAw5ssbZ8kdTgWT78cLygjR0NmR2OwRER++zTEBk=
github.com/knieriem/tool v0.1.0 h1:FrvyuiVUwmvjbAX3p/IuTMEv+G/tuk4BeduA+dJwMp8=
github.com/knieriem/tool v0.1.0/go.mod h1:FoYPs/m4GaKyJebNuBoAKu/sBrQNJnkRoc1t6ZSCCX0=
github.com/knieriem/vfsutil v0.1.0/go.mod h1:vDmi2mPOtfrWx5UDrPmaErqvaMyTdBnfvPqqIxjP9ik=
github.com/knieriem/vfsutil v0.1.1 h1:VXXhmlYS7hRvp7FmC44mDsOTi1oMAZY1PryGmZpR8UM=
github.com/knieriem/vfsutil v0.1.1/go.mod h1:Qjc1UuM923HYETrt+FcEyYZU72+xiR3Ilu37BfzSTFs=
github.com/lionkov/go9p v0.0.0-20180620135904-0a603dd6808a/go.mod h1:Nbrxd4FljESFB/bUvzT5xm1VNO2VfzMKSIv4L++4J4U=
golang.org/x/sys v0.0.0-20180824143301-4910a1d54f87/go.mod h1:STP8DvDyc/dI5b8T5hshtkjS+E42TnysNCUPdjciGhY=
golang.org/x/tools v0.0.0-20180727195141-8cc4e8a6f484/go.mod h1:n7NCudcB/nEzxVGmLbDWY5pfWTLqBcC2KZ6jyYvM4mQ=
golang.org/x/tools v0.0.0-20180824175216-6c1c5e93cdc1 h1:EAPsk8kfGCjxQagrkWjzXlUWe2p3gj5MknO+z2o9GKc=
golang.org/x/tools v0.0.0-20180824175216-6c1c5e93cdc1/go.mod h1:n7NCudcB/nEzxVGmLbDWY5pfWTLqBcC2KZ6jyYvM4mQ=
